
Microsoft Visual Studio Solution File, Format Version 12.00
# Visual Studio Version 17
VisualStudioVersion = 17.8.34525.116
MinimumVisualStudioVersion = 10.0.40219.1
Project("{FAE04EC0-301F-11D3-BF4B-00C04F79EFBC}") = "AttackToHitMod", "AttackToHitMod\AttackToHitMod.csproj", "{D5D6868C-EF0D-4ACF-9B77-81AB66298E25}"
EndProject
Global
	GlobalSection(SolutionConfigurationPlatforms) = preSolution
		Debug|Any CPU = Debug|Any CPU
		Release|Any CPU = Release|Any CPU
	EndGlobalSection
	GlobalSection(ProjectConfigurationPlatforms) = postSolution
		{D5D6868C-EF0D-4ACF-9B77-81AB66298E25}.Debug|Any CPU.ActiveCfg = Debug|Any CPU
		{D5D6868C-EF0D-4ACF-9B77-81AB66298E25}.Debug|Any CPU.Build.0 = Debug|Any CPU
		{D5D6868C-EF0D-4ACF-9B77-81AB66298E25}.Release|Any CPU.ActiveCfg = Release|Any CPU
		{D5D6868C-EF0D-4ACF-9B77-81AB66298E25}.Release|Any CPU.Build.0 = Release|Any CPU
	EndGlobalSection
	GlobalSection(SolutionProperties) = preSolution
		HideSolutionNode = FALSE
	EndGlobalSection
	GlobalSection(ExtensibilityGlobals) = postSolution
		SolutionGuid = {7D7FD663-209F-4904-8D45-437F1DC8A97C}
	EndGlobalSection
EndGlobal
